
Microsoft Visual Studio Solution File, Format Version 12.00
# Visual Studio Version 16
VisualStudioVersion = 16.0.30114.105
MinimumVisualStudioVersion = 10.0.40219.1
Project("{9A19103F-16F7-4668-BE54-9A1E7A4F7556}") = "PrimeNumbers", "PrimeNumbers\PrimeNumbers.csproj", "{19141084-7130-4A23-819B-4ABE1A35C37B}"
EndProject
Project("{9092AA53-FB77-4645-B42D-1CCCA6BD08BD}") = "PrimeNumbersNodeJs", "PrimeNumbersNodeJs\PrimeNumbersNodeJs.njsproj", "{76FDBE69-3C78-4F29-9968-1CAEC6D75532}"
EndProject
Global
	GlobalSection(SolutionConfigurationPlatforms) = preSolution
		Debug|Any CPU = Debug|Any CPU
		Release|Any CPU = Release|Any CPU
	EndGlobalSection
	GlobalSection(ProjectConfigurationPlatforms) = postSolution
		{19141084-7130-4A23-819B-4ABE1A35C37B}.Debug|Any CPU.ActiveCfg = Debug|Any CPU
		{19141084-7130-4A23-819B-4ABE1A35C37B}.Debug|Any CPU.Build.0 = Debug|Any CPU
		{19141084-7130-4A23-819B-4ABE1A35C37B}.Release|Any CPU.ActiveCfg = Release|Any CPU
		{19141084-7130-4A23-819B-4ABE1A35C37B}.Release|Any CPU.Build.0 = Release|Any CPU
		{76FDBE69-3C78-4F29-9968-1CAEC6D75532}.Debug|Any CPU.ActiveCfg = Debug|Any CPU
		{76FDBE69-3C78-4F29-9968-1CAEC6D75532}.Debug|Any CPU.Build.0 = Debug|Any CPU
		{76FDBE69-3C78-4F29-9968-1CAEC6D75532}.Release|Any CPU.ActiveCfg = Release|Any CPU
		{76FDBE69-3C78-4F29-9968-1CAEC6D75532}.Release|Any CPU.Build.0 = Release|Any CPU
	EndGlobalSection
	GlobalSection(SolutionProperties) = preSolution
		HideSolutionNode = FALSE
	EndGlobalSection
	GlobalSection(ExtensibilityGlobals) = postSolution
		SolutionGuid = {647D2B16-2A45-4896-9651-53019650096F}
	EndGlobalSection
EndGlobal
